
Microsoft Visual Studio Solution File, Format Version 12.00
# Visual Studio Version 16
VisualStudioVersion = 16.0.29326.143
MinimumVisualStudioVersion = 10.0.40219.1
Project("{FAE04EC0-301F-11D3-BF4B-00C04F79EFBC}") = "LOOP", "LOOP\LOOP.csproj", "{C19852D1-8812-44D9-A71D-09BE98FD093B}"
EndProject
Global
	GlobalSection(SolutionConfigurationPlatforms) = preSolution
		Debug|Any CPU = Debug|Any CPU
		Release|Any CPU = Release|Any CPU
	EndGlobalSection
	GlobalSection(ProjectConfigurationPlatforms) = postSolution
		{C19852D1-8812-44D9-A71D-09BE98FD093B}.Debug|Any CPU.ActiveCfg = Debug|Any CPU
		{C19852D1-8812-44D9-A71D-09BE98FD093B}.Debug|Any CPU.Build.0 = Debug|Any CPU
		{C19852D1-8812-44D9-A71D-09BE98FD093B}.Release|Any CPU.ActiveCfg = Release|Any CPU
		{C19852D1-8812-44D9-A71D-09BE98FD093B}.Release|Any CPU.Build.0 = Release|Any CPU
	EndGlobalSection
	GlobalSection(SolutionProperties) = preSolution
		HideSolutionNode = FALSE
	EndGlobalSection
	GlobalSection(ExtensibilityGlobals) = postSolution
		SolutionGuid = {F41E9149-CD50-4FB5-863D-038868B774E4}
	EndGlobalSection
EndGlobal
